
Microsoft Visual Studio Solution File, Format Version 12.00
# Visual Studio Version 17
VisualStudioVersion = 17.4.33205.214
MinimumVisualStudioVersion = 10.0.40219.1
Project("{9A19103F-16F7-4668-BE54-9A1E7A4F7556}") = "CAS.BOL", "CAS.BOL\CAS.BOL.csproj", "{249E1D7F-25F8-47C5-828F-1F580A6D10C7}"
EndProject
Project("{9A19103F-16F7-4668-BE54-9A1E7A4F7556}") = "CAS.DAL", "CAS.DAL\CAS.DAL.csproj", "{231B9EF7-0332-445F-AF5E-837354BDF6E5}"
EndProject
Project("{9A19103F-16F7-4668-BE54-9A1E7A4F7556}") = "CAS.BLL", "CAS.BLL\CAS.BLL.csproj", "{926C31C2-182F-47F1-8A5E-B114D1097DF5}"
EndProject
Project("{9A19103F-16F7-4668-BE54-9A1E7A4F7556}") = "CAS.Web", "CAS.Web\CAS.Web.csproj", "{E8C4FFF8-E3C4-47E1-9591-94D72FEF7AB1}"
EndProject
Project("{FAE04EC0-301F-11D3-BF4B-00C04F79EFBC}") = "CAS.UI", "CAS.UI\CAS.UI.csproj", "{864AB212-6317-4E4A-A335-3FB3B875005F}"
EndProject
Global
	GlobalSection(SolutionConfigurationPlatforms) = preSolution
		Debug|Any CPU = Debug|Any CPU
		Release|Any CPU = Release|Any CPU
	EndGlobalSection
	GlobalSection(ProjectConfigurationPlatforms) = postSolution
		{249E1D7F-25F8-47C5-828F-1F580A6D10C7}.Debug|Any CPU.ActiveCfg = Debug|Any CPU
		{249E1D7F-25F8-47C5-828F-1F580A6D10C7}.Debug|Any CPU.Build.0 = Debug|Any CPU
		{249E1D7F-25F8-47C5-828F-1F580A6D10C7}.Release|Any CPU.ActiveCfg = Release|Any CPU
		{249E1D7F-25F8-47C5-828F-1F580A6D10C7}.Release|Any CPU.Build.0 = Release|Any CPU
		{231B9EF7-0332-445F-AF5E-837354BDF6E5}.Debug|Any CPU.ActiveCfg = Debug|Any CPU
		{231B9EF7-0332-445F-AF5E-837354BDF6E5}.Debug|Any CPU.Build.0 = Debug|Any CPU
		{231B9EF7-0332-445F-AF5E-837354BDF6E5}.Release|Any CPU.ActiveCfg = Release|Any CPU
		{231B9EF7-0332-445F-AF5E-837354BDF6E5}.Release|Any CPU.Build.0 = Release|Any CPU
		{926C31C2-182F-47F1-8A5E-B114D1097DF5}.Debug|Any CPU.ActiveCfg = Debug|Any CPU
		{926C31C2-182F-47F1-8A5E-B114D1097DF5}.Debug|Any CPU.Build.0 = Debug|Any CPU
		{926C31C2-182F-47F1-8A5E-B114D1097DF5}.Release|Any CPU.ActiveCfg = Release|Any CPU
		{926C31C2-182F-47F1-8A5E-B114D1097DF5}.Release|Any CPU.Build.0 = Release|Any CPU
		{E8C4FFF8-E3C4-47E1-9591-94D72FEF7AB1}.Debug|Any CPU.ActiveCfg = Debug|Any CPU
		{E8C4FFF8-E3C4-47E1-9591-94D72FEF7AB1}.Debug|Any CPU.Build.0 = Debug|Any CPU
		{E8C4FFF8-E3C4-47E1-9591-94D72FEF7AB1}.Release|Any CPU.ActiveCfg = Release|Any CPU
		{E8C4FFF8-E3C4-47E1-9591-94D72FEF7AB1}.Release|Any CPU.Build.0 = Release|Any CPU
		{864AB212-6317-4E4A-A335-3FB3B875005F}.Debug|Any CPU.ActiveCfg = Debug|Any CPU
		{864AB212-6317-4E4A-A335-3FB3B875005F}.Debug|Any CPU.Build.0 = Debug|Any CPU
		{864AB212-6317-4E4A-A335-3FB3B875005F}.Release|Any CPU.ActiveCfg = Release|Any CPU
		{864AB212-6317-4E4A-A335-3FB3B875005F}.Release|Any CPU.Build.0 = Release|Any CPU
	EndGlobalSection
	GlobalSection(SolutionProperties) = preSolution
		HideSolutionNode = FALSE
	EndGlobalSection
	GlobalSection(ExtensibilityGlobals) = postSolution
		SolutionGuid = {F7349E74-7ACE-4261-B4C1-3EFBE3BCB2C9}
	EndGlobalSection
EndGlobal
